
Microsoft Visual Studio Solution File, Format Version 12.00
# Visual Studio 15
VisualStudioVersion = 15.0.28010.2046
MinimumVisualStudioVersion = 10.0.40219.1
Project("{FAE04EC0-301F-11D3-BF4B-00C04F79EFBC}") = "MysqlEF6", "MysqlEF6\MysqlEF6.csproj", "{693D9D44-2B40-4352-BB20-FCDDD7829892}"
EndProject
Global
	GlobalSection(SolutionConfigurationPlatforms) = preSolution
		Debug|Any CPU = Debug|Any CPU
		Release|Any CPU = Release|Any CPU
	EndGlobalSection
	GlobalSection(ProjectConfigurationPlatforms) = postSolution
		{693D9D44-2B40-4352-BB20-FCDDD7829892}.Debug|Any CPU.ActiveCfg = Debug|Any CPU
		{693D9D44-2B40-4352-BB20-FCDDD7829892}.Debug|Any CPU.Build.0 = Debug|Any CPU
		{693D9D44-2B40-4352-BB20-FCDDD7829892}.Release|Any CPU.ActiveCfg = Release|Any CPU
		{693D9D44-2B40-4352-BB20-FCDDD7829892}.Release|Any CPU.Build.0 = Release|Any CPU
	EndGlobalSection
	GlobalSection(SolutionProperties) = preSolution
		HideSolutionNode = FALSE
	EndGlobalSection
	GlobalSection(ExtensibilityGlobals) = postSolution
		SolutionGuid = {1C8B57C7-438C-4319-AD01-583735F8EB6E}
	EndGlobalSection
EndGlobal
